<Solution>
  <Folder Name="/Solution Items/">
    <File Path="docker-compose.yml" />
    <File Path="README.md" />
  </Folder>
  <Project Path="API/API.csproj" />
  <Project Path="Application.Tests/Application.Tests.csproj" />
  <Project Path="Application/Application.csproj" />
  <Project Path="Domain/Domain.csproj" />
  <Project Path="Infrastructure/Infrastructure.csproj" />
</Solution>
